
Microsoft Visual Studio Solution File, Format Version 12.00
# Visual Studio 14
VisualStudioVersion = 14.0.25123.0
MinimumVisualStudioVersion = 10.0.40219.1
Project("{FAE04EC0-301F-11D3-BF4B-00C04F79EFBC}") = "ShortPixel", "ShortPixel\ShortPixel.csproj", "{E17CC3C9-0836-4DA3-A7A4-05CD1B378E31}"
EndProject
Project("{FAE04EC0-301F-11D3-BF4B-00C04F79EFBC}") = "ShortPixel.Tests", "ShortPixel.Tests\ShortPixel.Tests.csproj", "{752A2968-839E-420B-AA40-4DC7C283C1A0}"
EndProject
Global
	GlobalSection(SolutionConfigurationPlatforms) = preSolution
		Debug|Any CPU = Debug|Any CPU
		Release|Any CPU = Release|Any CPU
	EndGlobalSection
	GlobalSection(ProjectConfigurationPlatforms) = postSolution
		{E17CC3C9-0836-4DA3-A7A4-05CD1B378E31}.Debug|Any CPU.ActiveCfg = Debug|Any CPU
		{E17CC3C9-0836-4DA3-A7A4-05CD1B378E31}.Debug|Any CPU.Build.0 = Debug|Any CPU
		{E17CC3C9-0836-4DA3-A7A4-05CD1B378E31}.Release|Any CPU.ActiveCfg = Release|Any CPU
		{E17CC3C9-0836-4DA3-A7A4-05CD1B378E31}.Release|Any CPU.Build.0 = Release|Any CPU
		{752A2968-839E-420B-AA40-4DC7C283C1A0}.Debug|Any CPU.ActiveCfg = Debug|Any CPU
		{752A2968-839E-420B-AA40-4DC7C283C1A0}.Debug|Any CPU.Build.0 = Debug|Any CPU
		{752A2968-839E-420B-AA40-4DC7C283C1A0}.Release|Any CPU.ActiveCfg = Release|Any CPU
		{752A2968-839E-420B-AA40-4DC7C283C1A0}.Release|Any CPU.Build.0 = Release|Any CPU
	EndGlobalSection
	GlobalSection(SolutionProperties) = preSolution
		HideSolutionNode = FALSE
	EndGlobalSection
EndGlobal
